// !$*UTF8*$!
{
	archiveVersion = 1;
	classes = {
	};
	objectVersion = 48;
	objects = {

/* Begin PBXBuildFile section */
		D5691E111FCFD960004520D0 /* BizintuLogo.png in Resources */ = {isa = PBXBuildFile; fileRef = D5691E101FCFD95F004520D0 /* BizintuLogo.png */; };
		D5691E151FCFDA54004520D0 /* SIL Open Font License.txt in Resources */ = {isa = PBXBuildFile; fileRef = D5691E131FCFDA54004520D0 /* SIL Open Font License.txt */; };
		D5691E161FCFDA54004520D0 /* Pacifico.ttf in Resources */ = {isa = PBXBuildFile; fileRef = D5691E141FCFDA54004520D0 /* Pacifico.ttf */; };
		D5691E1A1FCFEAA1004520D0 /* search.png in Resources */ = {isa = PBXBuildFile; fileRef = D5691E191FCFEAA1004520D0 /* search.png */; };
		D5691E1C1FCFEBB6004520D0 /* PrizesIconRed.jpg in Resources */ = {isa = PBXBuildFile; fileRef = D5691E1B1FCFEBB6004520D0 /* PrizesIconRed.jpg */; };
		D5691E201FCFEC61004520D0 /* PrizesIconNew.png in Resources */ = {isa = PBXBuildFile; fileRef = D5691E1F1FCFEC61004520D0 /* PrizesIconNew.png */; };
		D5691E221FCFEE56004520D0 /* Montserrat-Medium.otf in Resources */ = {isa = PBXBuildFile; fileRef = D5691E211FCFED67004520D0 /* Montserrat-Medium.otf */; };
		D5691E241FCFF235004520D0 /* daviddunkinsample.jpg in Resources */ = {isa = PBXBuildFile; fileRef = D5691E231FCFF235004520D0 /* daviddunkinsample.jpg */; };
		D5691E261FCFF343004520D0 /* BizintuLogoDrawing.png in Resources */ = {isa = PBXBuildFile; fileRef = D5691E251FCFF343004520D0 /* BizintuLogoDrawing.png */; };
		D58367C21FB26E8F0037D785 /* AppDelegate.swift in Sources */ = {isa = PBXBuildFile; fileRef = D58367C11FB26E8F0037D785 /* AppDelegate.swift */; };
		D58367C41FB26E8F0037D785 /* MapViewController.swift in Sources */ = {isa = PBXBuildFile; fileRef = D58367C31FB26E8F0037D785 /* MapViewController.swift */; };
		D58367C71FB26E8F0037D785 /* Main.storyboard in Resources */ = {isa = PBXBuildFile; fileRef = D58367C51FB26E8F0037D785 /* Main.storyboard */; };
		D58367C91FB26E8F0037D785 /* Assets.xcassets in Resources */ = {isa = PBXBuildFile; fileRef = D58367C81FB26E8F0037D785 /* Assets.xcassets */; };
		D58367CC1FB26E8F0037D785 /* LaunchScreen.storyboard in Resources */ = {isa = PBXBuildFile; fileRef = D58367CA1FB26E8F0037D785 /* LaunchScreen.storyboard */; };
		D58367D71FB26E8F0037D785 /* BizintuTests.swift in Sources */ = {isa = PBXBuildFile; fileRef = D58367D61FB26E8F0037D785 /* BizintuTests.swift */; };
		D58367E21FB26E8F0037D785 /* BizintuUITests.swift in Sources */ = {isa = PBXBuildFile; fileRef = D58367E11FB26E8F0037D785 /* BizintuUITests.swift */; };
		E082E2283E3809D3D2F082F3 /* libPods-Bizintu.a in Frameworks */ = {isa = PBXBuildFile; fileRef = E2C08F9757A9315DAACD3D7A /* libPods-Bizintu.a */; };
/* End PBXBuildFile section */

/* Begin PBXContainerItemProxy section */
		D58367D31FB26E8F0037D785 /* PBXContainerItemProxy */ = {
			isa = PBXContainerItemProxy;
			containerPortal = D58367B61FB26E8F0037D785 /* Project object */;
			proxyType = 1;
			remoteGlobalIDString = D58367BD1FB26E8F0037D785;
			remoteInfo = Bizintu;
		};
		D58367DE1FB26E8F0037D785 /* PBXContainerItemProxy */ = {
			isa = PBXContainerItemProxy;
			containerPortal = D58367B61FB26E8F0037D785 /* Project object */;
			proxyType = 1;
			remoteGlobalIDString = D58367BD1FB26E8F0037D785;
			remoteInfo = Bizintu;
		};
/* End PBXContainerItemProxy section */

/* Begin PBXFileReference section */
		549BFF89343136718BE44144 /* Pods-Bizintu.release.xcconfig */ = {isa = PBXFileReference; includeInIndex = 1; lastKnownFileType = text.xcconfig; name = "Pods-Bizintu.release.xcconfig"; path = "Pods/Target Support Files/Pods-Bizintu/Pods-Bizintu.release.xcconfig"; sourceTree = "<group>"; };
		A1D376CBA0C5EB553F727B2F /* Pods-Bizintu.debug.xcconfig */ = {isa = PBXFileReference; includeInIndex = 1; lastKnownFileType = text.xcconfig; name = "Pods-Bizintu.debug.xcconfig"; path = "Pods/Target Support Files/Pods-Bizintu/Pods-Bizintu.debug.xcconfig"; sourceTree = "<group>"; };
		D5691E101FCFD95F004520D0 /* BizintuLogo.png */ = {isa = PBXFileReference; lastKnownFileType = image.png; name = BizintuLogo.png; path = ../../BizintuLogo.png; sourceTree = "<group>"; };
		D5691E131FCFDA54004520D0 /* SIL Open Font License.txt */ = {isa = PBXFileReference; fileEncoding = 4; lastKnownFileType = text; path = "SIL Open Font License.txt"; sourceTree = "<group>"; };
		D5691E141FCFDA54004520D0 /* Pacifico.ttf */ = {isa = PBXFileReference; lastKnownFileType = file; path = Pacifico.ttf; sourceTree = "<group>"; };
		D5691E191FCFEAA1004520D0 /* search.png */ = {isa = PBXFileReference; lastKnownFileType = image.png; name = search.png; path = ../../search.png; sourceTree = "<group>"; };
		D5691E1B1FCFEBB6004520D0 /* PrizesIconRed.jpg */ = {isa = PBXFileReference; lastKnownFileType = image.jpeg; name = PrizesIconRed.jpg; path = ../../PrizesIconRed.jpg; sourceTree = "<group>"; };
		D5691E1F1FCFEC61004520D0 /* PrizesIconNew.png */ = {isa = PBXFileReference; lastKnownFileType = image.png; name = PrizesIconNew.png; path = ../../PrizesIconNew.png; sourceTree = "<group>"; };
		D5691E211FCFED67004520D0 /* Montserrat-Medium.otf */ = {isa = PBXFileReference; lastKnownFileType = file; name = "Montserrat-Medium.otf"; path = "../../../Downloads/montserrat/Montserrat-Medium.otf"; sourceTree = "<group>"; };
		D5691E231FCFF235004520D0 /* daviddunkinsample.jpg */ = {isa = PBXFileReference; lastKnownFileType = image.jpeg; name = daviddunkinsample.jpg; path = ../../daviddunkinsample.jpg; sourceTree = "<group>"; };
		D5691E251FCFF343004520D0 /* BizintuLogoDrawing.png */ = {isa = PBXFileReference; lastKnownFileType = image.png; name = BizintuLogoDrawing.png; path = "../../Lakeside/12th Grade/Entrepreneurship/BizintuLogoDrawing.png"; sourceTree = "<group>"; };
		D58367BE1FB26E8F0037D785 /* Bizintu.app */ = {isa = PBXFileReference; explicitFileType = wrapper.application; includeInIndex = 0; path = Bizintu.app; sourceTree = BUILT_PRODUCTS_DIR; };
		D58367C11FB26E8F0037D785 /* AppDelegate.swift */ = {isa = PBXFileReference; lastKnownFileType = sourcecode.swift; path = AppDelegate.swift; sourceTree = "<group>"; };
		D58367C31FB26E8F0037D785 /* MapViewController.swift */ = {isa = PBXFileReference; lastKnownFileType = sourcecode.swift; path = MapViewController.swift; sourceTree = "<group>"; };
		D58367C61FB26E8F0037D785 /* Base */ = {isa = PBXFileReference; lastKnownFileType = file.storyboard; name = Base; path = Base.lproj/Main.storyboard; sourceTree = "<group>"; };
		D58367C81FB26E8F0037D785 /* Assets.xcassets */ = {isa = PBXFileReference; lastKnownFileType = folder.assetcatalog; path = Assets.xcassets; sourceTree = "<group>"; };
		D58367CB1FB26E8F0037D785 /* Base */ = {isa = PBXFileReference; lastKnownFileType = file.storyboard; name = Base; path = Base.lproj/LaunchScreen.storyboard; sourceTree = "<group>"; };
		D58367CD1FB26E8F0037D785 /* Info.plist */ = {isa = PBXFileReference; lastKnownFileType = text.plist.xml; path = Info.plist; sourceTree = "<group>"; };
		D58367D21FB26E8F0037D785 /* BizintuTests.xctest */ = {isa = PBXFileReference; explicitFileType = wrapper.cfbundle; includeInIndex = 0; path = BizintuTests.xctest; sourceTree = BUILT_PRODUCTS_DIR; };
		D58367D61FB26E8F0037D785 /* BizintuTests.swift */ = {isa = PBXFileReference; lastKnownFileType = sourcecode.swift; path = BizintuTests.swift; sourceTree = "<group>"; };
		D58367D81FB26E8F0037D785 /* Info.plist */ = {isa = PBXFileReference; lastKnownFileType = text.plist.xml; path = Info.plist; sourceTree = "<group>"; };
		D58367DD1FB26E8F0037D785 /* BizintuUITests.xctest */ = {isa = PBXFileReference; explicitFileType = wrapper.cfbundle; includeInIndex = 0; path = BizintuUITests.xctest; sourceTree = BUILT_PRODUCTS_DIR; };
		D58367E11FB26E8F0037D785 /* BizintuUITests.swift */ = {isa = PBXFileReference; lastKnownFileType = sourcecode.swift; path = BizintuUITests.swift; sourceTree = "<group>"; };
		D58367E31FB26E8F0037D785 /* Info.plist */ = {isa = PBXFileReference; lastKnownFileType = text.plist.xml; path = Info.plist; sourceTree = "<group>"; };
		E2C08F9757A9315DAACD3D7A /* libPods-Bizintu.a */ = {isa = PBXFileReference; explicitFileType = archive.ar; includeInIndex = 0; path = "libPods-Bizintu.a"; sourceTree = BUILT_PRODUCTS_DIR; };
/* End PBXFileReference section */

/* Begin PBXFrameworksBuildPhase section */
		D58367BB1FB26E8F0037D785 /* Frameworks */ = {
			isa = PBXFrameworksBuildPhase;
			buildActionMask = 2147483647;
			files = (
				E082E2283E3809D3D2F082F3 /* libPods-Bizintu.a in Frameworks */,
			);
			runOnlyForDeploymentPostprocessing = 0;
		};
		D58367CF1FB26E8F0037D785 /* Frameworks */ = {
			isa = PBXFrameworksBuildPhase;
			buildActionMask = 2147483647;
			files = (
			);
			runOnlyForDeploymentPostprocessing = 0;
		};
		D58367DA1FB26E8F0037D785 /* Frameworks */ = {
			isa = PBXFrameworksBuildPhase;
			buildActionMask = 2147483647;
			files = (
			);
			runOnlyForDeploymentPostprocessing = 0;
		};
/* End PBXFrameworksBuildPhase section */

/* Begin PBXGroup section */
		AD6B65998433E7FB3E70B503 /* Frameworks */ = {
			isa = PBXGroup;
			children = (
				E2C08F9757A9315DAACD3D7A /* libPods-Bizintu.a */,
			);
			name = Frameworks;
			sourceTree = "<group>";
		};
		BA9C84F48732A04D179D2205 /* Pods */ = {
			isa = PBXGroup;
			children = (
				A1D376CBA0C5EB553F727B2F /* Pods-Bizintu.debug.xcconfig */,
				549BFF89343136718BE44144 /* Pods-Bizintu.release.xcconfig */,
			);
			name = Pods;
			sourceTree = "<group>";
		};
		D5691E121FCFDA54004520D0 /* pacifico */ = {
			isa = PBXGroup;
			children = (
				D5691E131FCFDA54004520D0 /* SIL Open Font License.txt */,
				D5691E141FCFDA54004520D0 /* Pacifico.ttf */,
			);
			name = pacifico;
			path = ../../../Downloads/pacifico;
			sourceTree = "<group>";
		};
		D58367B51FB26E8F0037D785 = {
			isa = PBXGroup;
			children = (
				D58367C01FB26E8F0037D785 /* Bizintu */,
				D58367D51FB26E8F0037D785 /* BizintuTests */,
				D58367E01FB26E8F0037D785 /* BizintuUITests */,
				D58367BF1FB26E8F0037D785 /* Products */,
				BA9C84F48732A04D179D2205 /* Pods */,
				AD6B65998433E7FB3E70B503 /* Frameworks */,
			);
			sourceTree = "<group>";
		};
		D58367BF1FB26E8F0037D785 /* Products */ = {
			isa = PBXGroup;
			children = (
				D58367BE1FB26E8F0037D785 /* Bizintu.app */,
				D58367D21FB26E8F0037D785 /* BizintuTests.xctest */,
				D58367DD1FB26E8F0037D785 /* BizintuUITests.xctest */,
			);
			name = Products;
			sourceTree = "<group>";
		};
		D58367C01FB26E8F0037D785 /* Bizintu */ = {
			isa = PBXGroup;
			children = (
				D5691E121FCFDA54004520D0 /* pacifico */,
				D58367C11FB26E8F0037D785 /* AppDelegate.swift */,
				D58367C31FB26E8F0037D785 /* MapViewController.swift */,
				D58367C51FB26E8F0037D785 /* Main.storyboard */,
				D5691E101FCFD95F004520D0 /* BizintuLogo.png */,
				D5691E1B1FCFEBB6004520D0 /* PrizesIconRed.jpg */,
				D5691E1F1FCFEC61004520D0 /* PrizesIconNew.png */,
				D5691E251FCFF343004520D0 /* BizintuLogoDrawing.png */,
				D5691E211FCFED67004520D0 /* Montserrat-Medium.otf */,
				D5691E231FCFF235004520D0 /* daviddunkinsample.jpg */,
				D5691E191FCFEAA1004520D0 /* search.png */,
				D58367C81FB26E8F0037D785 /* Assets.xcassets */,
				D58367CA1FB26E8F0037D785 /* LaunchScreen.storyboard */,
				D58367CD1FB26E8F0037D785 /* Info.plist */,
			);
			path = Bizintu;
			sourceTree = "<group>";
		};
		D58367D51FB26E8F0037D785 /* BizintuTests */ = {
			isa = PBXGroup;
			children = (
				D58367D61FB26E8F0037D785 /* BizintuTests.swift */,
				D58367D81FB26E8F0037D785 /* Info.plist */,
			);
			path = BizintuTests;
			sourceTree = "<group>";
		};
		D58367E01FB26E8F0037D785 /* BizintuUITests */ = {
			isa = PBXGroup;
			children = (
				D58367E11FB26E8F0037D785 /* BizintuUITests.swift */,
				D58367E31FB26E8F0037D785 /* Info.plist */,
			);
			path = BizintuUITests;
			sourceTree = "<group>";
		};
/* End PBXGroup section */

/* Begin PBXNativeTarget section */
		D58367BD1FB26E8F0037D785 /* Bizintu */ = {
			isa = PBXNativeTarget;
			buildConfigurationList = D58367E61FB26E8F0037D785 /* Build configuration list for PBXNativeTarget "Bizintu" */;
			buildPhases = (
				52527A69E82F529142251D4C /* [CP] Check Pods Manifest.lock */,
				D58367BA1FB26E8F0037D785 /* Sources */,
				D58367BB1FB26E8F0037D785 /* Frameworks */,
				D58367BC1FB26E8F0037D785 /* Resources */,
				AF8622CE858B36B4EC113960 /* [CP] Embed Pods Frameworks */,
				8B6FEFD2C0813E6C2CC28B6E /* [CP] Copy Pods Resources */,
			);
			buildRules = (
			);
			dependencies = (
			);
			name = Bizintu;
			productName = Bizintu;
			productReference = D58367BE1FB26E8F0037D785 /* Bizintu.app */;
			productType = "com.apple.product-type.application";
		};
		D58367D11FB26E8F0037D785 /* BizintuTests */ = {
			isa = PBXNativeTarget;
			buildConfigurationList = D58367E91FB26E8F0037D785 /* Build configuration list for PBXNativeTarget "BizintuTests" */;
			buildPhases = (
				D58367CE1FB26E8F0037D785 /* Sources */,
				D58367CF1FB26E8F0037D785 /* Frameworks */,
				D58367D01FB26E8F0037D785 /* Resources */,
			);
			buildRules = (
			);
			dependencies = (
				D58367D41FB26E8F0037D785 /* PBXTargetDependency */,
			);
			name = BizintuTests;
			productName = BizintuTests;
			productReference = D58367D21FB26E8F0037D785 /* BizintuTests.xctest */;
			productType = "com.apple.product-type.bundle.unit-test";
		};
		D58367DC1FB26E8F0037D785 /* BizintuUITests */ = {
			isa = PBXNativeTarget;
			buildConfigurationList = D58367EC1FB26E8F0037D785 /* Build configuration list for PBXNativeTarget "BizintuUITests" */;
			buildPhases = (
				D58367D91FB26E8F0037D785 /* Sources */,
				D58367DA1FB26E8F0037D785 /* Frameworks */,
				D58367DB1FB26E8F0037D785 /* Resources */,
			);
			buildRules = (
			);
			dependencies = (
				D58367DF1FB26E8F0037D785 /* PBXTargetDependency */,
			);
			name = BizintuUITests;
			productName = BizintuUITests;
			productReference = D58367DD1FB26E8F0037D785 /* BizintuUITests.xctest */;
			productType = "com.apple.product-type.bundle.ui-testing";
		};
/* End PBXNativeTarget section */

/* Begin PBXProject section */
		D58367B61FB26E8F0037D785 /* Project object */ = {
			isa = PBXProject;
			attributes = {
				LastSwiftUpdateCheck = 0910;
				LastUpgradeCheck = 0910;
				ORGANIZATIONNAME = Bizintu;
				TargetAttributes = {
					D58367BD1FB26E8F0037D785 = {
						CreatedOnToolsVersion = 9.1;
						ProvisioningStyle = Automatic;
					};
					D58367D11FB26E8F0037D785 = {
						CreatedOnToolsVersion = 9.1;
						ProvisioningStyle = Automatic;
						TestTargetID = D58367BD1FB26E8F0037D785;
					};
					D58367DC1FB26E8F0037D785 = {
						CreatedOnToolsVersion = 9.1;
						ProvisioningStyle = Automatic;
						TestTargetID = D58367BD1FB26E8F0037D785;
					};
				};
			};
			buildConfigurationList = D58367B91FB26E8F0037D785 /* Build configuration list for PBXProject "Bizintu" */;
			compatibilityVersion = "Xcode 8.0";
			developmentRegion = en;
			hasScannedForEncodings = 0;
			knownRegions = (
				en,
				Base,
			);
			mainGroup = D58367B51FB26E8F0037D785;
			productRefGroup = D58367BF1FB26E8F0037D785 /* Products */;
			projectDirPath = "";
			projectRoot = "";
			targets = (
				D58367BD1FB26E8F0037D785 /* Bizintu */,
				D58367D11FB26E8F0037D785 /* BizintuTests */,
				D58367DC1FB26E8F0037D785 /* BizintuUITests */,
			);
		};
/* End PBXProject section */

/* Begin PBXResourcesBuildPhase section */
		D58367BC1FB26E8F0037D785 /* Resources */ = {
			isa = PBXResourcesBuildPhase;
			buildActionMask = 2147483647;
			files = (
				D58367CC1FB26E8F0037D785 /* LaunchScreen.storyboard in Resources */,
				D5691E1C1FCFEBB6004520D0 /* PrizesIconRed.jpg in Resources */,
				D5691E241FCFF235004520D0 /* daviddunkinsample.jpg in Resources */,
				D5691E151FCFDA54004520D0 /* SIL Open Font License.txt in Resources */,
				D5691E161FCFDA54004520D0 /* Pacifico.ttf in Resources */,
				D5691E1A1FCFEAA1004520D0 /* search.png in Resources */,
				D5691E201FCFEC61004520D0 /* PrizesIconNew.png in Resources */,
				D58367C91FB26E8F0037D785 /* Assets.xcassets in Resources */,
				D5691E261FCFF343004520D0 /* BizintuLogoDrawing.png in Resources */,
				D58367C71FB26E8F0037D785 /* Main.storyboard in Resources */,
				D5691E111FCFD960004520D0 /* BizintuLogo.png in Resources */,
				D5691E221FCFEE56004520D0 /* Montserrat-Medium.otf in Resources */,
			);
			runOnlyForDeploymentPostprocessing = 0;
		};
		D58367D01FB26E8F0037D785 /* Resources */ = {
			isa = PBXResourcesBuildPhase;
			buildActionMask = 2147483647;
			files = (
			);
			runOnlyForDeploymentPostprocessing = 0;
		};
		D58367DB1FB26E8F0037D785 /* Resources */ = {
			isa = PBXResourcesBuildPhase;
			buildActionMask = 2147483647;
			files = (
			);
			runOnlyForDeploymentPostprocessing = 0;
		};
/* End PBXResourcesBuildPhase section */

/* Begin PBXShellScriptBuildPhase section */
		52527A69E82F529142251D4C /* [CP] Check Pods Manifest.lock */ = {
			isa = PBXShellScriptBuildPhase;
			buildActionMask = 2147483647;
			files = (
			);
			inputPaths = (
				"${PODS_PODFILE_DIR_PATH}/Podfile.lock",
				"${PODS_ROOT}/Manifest.lock",
			);
			name = "[CP] Check Pods Manifest.lock";
			outputPaths = (
				"$(DERIVED_FILE_DIR)/Pods-Bizintu-checkManifestLockResult.txt",
			);
			runOnlyForDeploymentPostprocessing = 0;
			shellPath = /bin/sh;
			shellScript = "diff \"${PODS_PODFILE_DIR_PATH}/Podfile.lock\" \"${PODS_ROOT}/Manifest.lock\" > /dev/null\nif [ $? != 0 ] ; then\n    # print error to STDERR\n    echo \"error: The sandbox is not in sync with the Podfile.lock. Run 'pod install' or update your CocoaPods installation.\" >&2\n    exit 1\nfi\n# This output is used by Xcode 'outputs' to avoid re-running this script phase.\necho \"SUCCESS\" > \"${SCRIPT_OUTPUT_FILE_0}\"\n";
			showEnvVarsInLog = 0;
		};
		8B6FEFD2C0813E6C2CC28B6E /* [CP] Copy Pods Resources */ = {
			isa = PBXShellScriptBuildPhase;
			buildActionMask = 2147483647;
			files = (
			);
			inputPaths = (
				"${SRCROOT}/Pods/Target Support Files/Pods-Bizintu/Pods-Bizintu-resources.sh",
				"${PODS_ROOT}/GoogleMaps/Maps/Frameworks/GoogleMaps.framework/Versions/A/Resources/GoogleMaps.bundle",
				"${PODS_ROOT}/GooglePlacePicker/Frameworks/GooglePlacePicker.framework/Versions/A/Resources/GooglePlacePicker.bundle",
				"${PODS_ROOT}/GooglePlaces/Frameworks/GooglePlaces.framework/Versions/A/Resources/GooglePlaces.bundle",
			);
			name = "[CP] Copy Pods Resources";
			outputPaths = (
				"${TARGET_BUILD_DIR}/${UNLOCALIZED_RESOURCES_FOLDER_PATH}",
			);
			runOnlyForDeploymentPostprocessing = 0;
			shellPath = /bin/sh;
			shellScript = "\"${SRCROOT}/Pods/Target Support Files/Pods-Bizintu/Pods-Bizintu-resources.sh\"\n";
			showEnvVarsInLog = 0;
		};
		AF8622CE858B36B4EC113960 /* [CP] Embed Pods Frameworks */ = {
			isa = PBXShellScriptBuildPhase;
			buildActionMask = 2147483647;
			files = (
			);
			inputPaths = (
			);
			name = "[CP] Embed Pods Frameworks";
			outputPaths = (
			);
			runOnlyForDeploymentPostprocessing = 0;
			shellPath = /bin/sh;
			shellScript = "\"${SRCROOT}/Pods/Target Support Files/Pods-Bizintu/Pods-Bizintu-frameworks.sh\"\n";
			showEnvVarsInLog = 0;
		};
/* End PBXShellScriptBuildPhase section */

/* Begin PBXSourcesBuildPhase section */
		D58367BA1FB26E8F0037D785 /* Sources */ = {
			isa = PBXSourcesBuildPhase;
			buildActionMask = 2147483647;
			files = (
				D58367C41FB26E8F0037D785 /* MapViewController.swift in Sources */,
				D58367C21FB26E8F0037D785 /* AppDelegate.swift in Sources */,
			);
			runOnlyForDeploymentPostprocessing = 0;
		};
		D58367CE1FB26E8F0037D785 /* Sources */ = {
			isa = PBXSourcesBuildPhase;
			buildActionMask = 2147483647;
			files = (
				D58367D71FB26E8F0037D785 /* BizintuTests.swift in Sources */,
			);
			runOnlyForDeploymentPostprocessing = 0;
		};
		D58367D91FB26E8F0037D785 /* Sources */ = {
			isa = PBXSourcesBuildPhase;
			buildActionMask = 2147483647;
			files = (
				D58367E21FB26E8F0037D785 /* BizintuUITests.swift in Sources */,
			);
			runOnlyForDeploymentPostprocessing = 0;
		};
/* End PBXSourcesBuildPhase section */

/* Begin PBXTargetDependency section */
		D58367D41FB26E8F0037D785 /* PBXTargetDependency */ = {
			isa = PBXTargetDependency;
			target = D58367BD1FB26E8F0037D785 /* Bizintu */;
			targetProxy = D58367D31FB26E8F0037D785 /* PBXContainerItemProxy */;
		};
		D58367DF1FB26E8F0037D785 /* PBXTargetDependency */ = {
			isa = PBXTargetDependency;
			target = D58367BD1FB26E8F0037D785 /* Bizintu */;
			targetProxy = D58367DE1FB26E8F0037D785 /* PBXContainerItemProxy */;
		};
/* End PBXTargetDependency section */

/* Begin PBXVariantGroup section */
		D58367C51FB26E8F0037D785 /* Main.storyboard */ = {
			isa = PBXVariantGroup;
			children = (
				D58367C61FB26E8F0037D785 /* Base */,
			);
			name = Main.storyboard;
			sourceTree = "<group>";
		};
		D58367CA1FB26E8F0037D785 /* LaunchScreen.storyboard */ = {
			isa = PBXVariantGroup;
			children = (
				D58367CB1FB26E8F0037D785 /* Base */,
			);
			name = LaunchScreen.storyboard;
			sourceTree = "<group>";
		};
/* End PBXVariantGroup section */

/* Begin XCBuildConfiguration section */
		D58367E41FB26E8F0037D785 /* Debug */ = {
			isa = XCBuildConfiguration;
			buildSettings = {
				ALWAYS_SEARCH_USER_PATHS = NO;
				CLANG_ANALYZER_NONNULL = YES;
				CLANG_ANALYZER_NUMBER_OBJECT_CONVERSION = YES_AGGRESSIVE;
				CLANG_CXX_LANGUAGE_STANDARD = "gnu++14";
				CLANG_CXX_LIBRARY = "libc++";
				CLANG_ENABLE_MODULES = YES;
				CLANG_ENABLE_OBJC_ARC = YES;
				CLANG_WARN_BLOCK_CAPTURE_AUTORELEASING = YES;
				CLANG_WARN_BOOL_CONVERSION = YES;
				CLANG_WARN_COMMA = YES;
				CLANG_WARN_CONSTANT_CONVERSION = YES;
				CLANG_WARN_DIRECT_OBJC_ISA_USAGE = YES_ERROR;
				CLANG_WARN_DOCUMENTATION_COMMENTS = YES;
				CLANG_WARN_EMPTY_BODY = YES;
				CLANG_WARN_ENUM_CONVERSION = YES;
				CLANG_WARN_INFINITE_RECURSION = YES;
				CLANG_WARN_INT_CONVERSION = YES;
				CLANG_WARN_NON_LITERAL_NULL_CONVERSION = YES;
				CLANG_WARN_OBJC_LITERAL_CONVERSION = YES;
				CLANG_WARN_OBJC_ROOT_CLASS = YES_ERROR;
				CLANG_WARN_RANGE_LOOP_ANALYSIS = YES;
				CLANG_WARN_STRICT_PROTOTYPES = YES;
				CLANG_WARN_SUSPICIOUS_MOVE = YES;
				CLANG_WARN_UNGUARDED_AVAILABILITY = YES_AGGRESSIVE;
				CLANG_WARN_UNREACHABLE_CODE = YES;
				CLANG_WARN__DUPLICATE_METHOD_MATCH = YES;
				CODE_SIGN_IDENTITY = "iPhone Developer";
				COPY_PHASE_STRIP = NO;
				DEBUG_INFORMATION_FORMAT = dwarf;
				ENABLE_STRICT_OBJC_MSGSEND = YES;
				ENABLE_TESTABILITY = YES;
				GCC_C_LANGUAGE_STANDARD = gnu11;
				GCC_DYNAMIC_NO_PIC = NO;
				GCC_NO_COMMON_BLOCKS = YES;
				GCC_OPTIMIZATION_LEVEL = 0;
				GCC_PREPROCESSOR_DEFINITIONS = (
					"DEBUG=1",
					"$(inherited)",
				);
				GCC_WARN_64_TO_32_BIT_CONVERSION = YES;
				GCC_WARN_ABOUT_RETURN_TYPE = YES_ERROR;
				GCC_WARN_UNDECLARED_SELECTOR = YES;
				GCC_WARN_UNINITIALIZED_AUTOS = YES_AGGRESSIVE;
				GCC_WARN_UNUSED_FUNCTION = YES;
				GCC_WARN_UNUSED_VARIABLE = YES;
				IPHONEOS_DEPLOYMENT_TARGET = 11.1;
				MTL_ENABLE_DEBUG_INFO = YES;
				ONLY_ACTIVE_ARCH = YES;
				SDKROOT = iphoneos;
				SWIFT_ACTIVE_COMPILATION_CONDITIONS = DEBUG;
				SWIFT_OPTIMIZATION_LEVEL = "-Onone";
			};
			name = Debug;
		};
		D58367E51FB26E8F0037D785 /* Release */ = {
			isa = XCBuildConfiguration;
			buildSettings = {
				ALWAYS_SEARCH_USER_PATHS = NO;
				CLANG_ANALYZER_NONNULL = YES;
				CLANG_ANALYZER_NUMBER_OBJECT_CONVERSION = YES_AGGRESSIVE;
				CLANG_CXX_LANGUAGE_STANDARD = "gnu++14";
				CLANG_CXX_LIBRARY = "libc++";
				CLANG_ENABLE_MODULES = YES;
				CLANG_ENABLE_OBJC_ARC = YES;
				CLANG_WARN_BLOCK_CAPTURE_AUTORELEASING = YES;
				CLANG_WARN_BOOL_CONVERSION = YES;
				CLANG_WARN_COMMA = YES;
				CLANG_WARN_CONSTANT_CONVERSION = YES;
				CLANG_WARN_DIRECT_OBJC_ISA_USAGE = YES_ERROR;
				CLANG_WARN_DOCUMENTATION_COMMENTS = YES;
				CLANG_WARN_EMPTY_BODY = YES;
				CLANG_WARN_ENUM_CONVERSION = YES;
				CLANG_WARN_INFINITE_RECURSION = YES;
				CLANG_WARN_INT_CONVERSION = YES;
				CLANG_WARN_NON_LITERAL_NULL_CONVERSION = YES;
				CLANG_WARN_OBJC_LITERAL_CONVERSION = YES;
				CLANG_WARN_OBJC_ROOT_CLASS = YES_ERROR;
				CLANG_WARN_RANGE_LOOP_ANALYSIS = YES;
				CLANG_WARN_STRICT_PROTOTYPES = YES;
				CLANG_WARN_SUSPICIOUS_MOVE = YES;
				CLANG_WARN_UNGUARDED_AVAILABILITY = YES_AGGRESSIVE;
				CLANG_WARN_UNREACHABLE_CODE = YES;
				CLANG_WARN__DUPLICATE_METHOD_MATCH = YES;
				CODE_SIGN_IDENTITY = "iPhone Developer";
				COPY_PHASE_STRIP = NO;
				DEBUG_INFORMATION_FORMAT = "dwarf-with-dsym";
				ENABLE_NS_ASSERTIONS = NO;
				ENABLE_STRICT_OBJC_MSGSEND = YES;
				GCC_C_LANGUAGE_STANDARD = gnu11;
				GCC_NO_COMMON_BLOCKS = YES;
				GCC_WARN_64_TO_32_BIT_CONVERSION = YES;
				GCC_WARN_ABOUT_RETURN_TYPE = YES_ERROR;
				GCC_WARN_UNDECLARED_SELECTOR = YES;
				GCC_WARN_UNINITIALIZED_AUTOS = YES_AGGRESSIVE;
				GCC_WARN_UNUSED_FUNCTION = YES;
				GCC_WARN_UNUSED_VARIABLE = YES;
				IPHONEOS_DEPLOYMENT_TARGET = 11.1;
				MTL_ENABLE_DEBUG_INFO = NO;
				SDKROOT = iphoneos;
				SWIFT_OPTIMIZATION_LEVEL = "-Owholemodule";
				VALIDATE_PRODUCT = YES;
			};
			name = Release;
		};
		D58367E71FB26E8F0037D785 /* Debug */ = {
			isa = XCBuildConfiguration;
			baseConfigurationReference = A1D376CBA0C5EB553F727B2F /* Pods-Bizintu.debug.xcconfig */;
			buildSettings = {
				ASSETCATALOG_COMPILER_APPICON_NAME = AppIcon;
				CODE_SIGN_STYLE = Automatic;
				INFOPLIST_FILE = Bizintu/Info.plist;
				LD_RUNPATH_SEARCH_PATHS = "$(inherited) @executable_path/Frameworks";
				PRODUCT_BUNDLE_IDENTIFIER = com.AustinWei.Bizintu;
				PRODUCT_NAME = "$(TARGET_NAME)";
				SWIFT_VERSION = 4.0;
				TARGETED_DEVICE_FAMILY = "1,2";
			};
			name = Debug;
		};
		D58367E81FB26E8F0037D785 /* Release */ = {
			isa = XCBuildConfiguration;
			baseConfigurationReference = 549BFF89343136718BE44144 /* Pods-Bizintu.release.xcconfig */;
			buildSettings = {
				ASSETCATALOG_COMPILER_APPICON_NAME = AppIcon;
				CODE_SIGN_STYLE = Automatic;
				INFOPLIST_FILE = Bizintu/Info.plist;
				LD_RUNPATH_SEARCH_PATHS = "$(inherited) @executable_path/Frameworks";
				PRODUCT_BUNDLE_IDENTIFIER = com.AustinWei.Bizintu;
				PRODUCT_NAME = "$(TARGET_NAME)";
				SWIFT_VERSION = 4.0;
				TARGETED_DEVICE_FAMILY = "1,2";
			};
			name = Release;
		};
		D58367EA1FB26E8F0037D785 /* Debug */ = {
			isa = XCBuildConfiguration;
			buildSettings = {
				ALWAYS_EMBED_SWIFT_STANDARD_LIBRARIES = YES;
				BUNDLE_LOADER = "$(TEST_HOST)";
				CODE_SIGN_STYLE = Automatic;
				INFOPLIST_FILE = BizintuTests/Info.plist;
				LD_RUNPATH_SEARCH_PATHS = "$(inherited) @executable_path/Frameworks @loader_path/Frameworks";
				PRODUCT_BUNDLE_IDENTIFIER = com.AustinWei.BizintuTests;
				PRODUCT_NAME = "$(TARGET_NAME)";
				SWIFT_VERSION = 4.0;
				TARGETED_DEVICE_FAMILY = "1,2";
				TEST_HOST = "$(BUILT_PRODUCTS_DIR)/Bizintu.app/Bizintu";
			};
			name = Debug;
		};
		D58367EB1FB26E8F0037D785 /* Release */ = {
			isa = XCBuildConfiguration;
			buildSettings = {
				ALWAYS_EMBED_SWIFT_STANDARD_LIBRARIES = YES;
				BUNDLE_LOADER = "$(TEST_HOST)";
				CODE_SIGN_STYLE = Automatic;
				INFOPLIST_FILE = BizintuTests/Info.plist;
				LD_RUNPATH_SEARCH_PATHS = "$(inherited) @executable_path/Frameworks @loader_path/Frameworks";
				PRODUCT_BUNDLE_IDENTIFIER = com.AustinWei.BizintuTests;
				PRODUCT_NAME = "$(TARGET_NAME)";
				SWIFT_VERSION = 4.0;
				TARGETED_DEVICE_FAMILY = "1,2";
				TEST_HOST = "$(BUILT_PRODUCTS_DIR)/Bizintu.app/Bizintu";
			};
			name = Release;
		};
		D58367ED1FB26E8F0037D785 /* Debug */ = {
			isa = XCBuildConfiguration;
			buildSettings = {
				ALWAYS_EMBED_SWIFT_STANDARD_LIBRARIES = YES;
				CODE_SIGN_STYLE = Automatic;
				INFOPLIST_FILE = BizintuUITests/Info.plist;
				LD_RUNPATH_SEARCH_PATHS = "$(inherited) @executable_path/Frameworks @loader_path/Frameworks";
				PRODUCT_BUNDLE_IDENTIFIER = com.AustinWei.BizintuUITests;
				PRODUCT_NAME = "$(TARGET_NAME)";
				SWIFT_VERSION = 4.0;
				TARGETED_DEVICE_FAMILY = "1,2";
				TEST_TARGET_NAME = Bizintu;
			};
			name = Debug;
		};
		D58367EE1FB26E8F0037D785 /* Release */ = {
			isa = XCBuildConfiguration;
			buildSettings = {
				ALWAYS_EMBED_SWIFT_STANDARD_LIBRARIES = YES;
				CODE_SIGN_STYLE = Automatic;
				INFOPLIST_FILE = BizintuUITests/Info.plist;
				LD_RUNPATH_SEARCH_PATHS = "$(inherited) @executable_path/Frameworks @loader_path/Frameworks";
				PRODUCT_BUNDLE_IDENTIFIER = com.AustinWei.BizintuUITests;
				PRODUCT_NAME = "$(TARGET_NAME)";
				SWIFT_VERSION = 4.0;
				TARGETED_DEVICE_FAMILY = "1,2";
				TEST_TARGET_NAME = Bizintu;
			};
			name = Release;
		};
/* End XCBuildConfiguration section */

/* Begin XCConfigurationList section */
		D58367B91FB26E8F0037D785 /* Build configuration list for PBXProject "Bizintu" */ = {
			isa = XCConfigurationList;
			buildConfigurations = (
				D58367E41FB26E8F0037D785 /* Debug */,
				D58367E51FB26E8F0037D785 /* Release */,
			);
			defaultConfigurationIsVisible = 0;
			defaultConfigurationName = Release;
		};
		D58367E61FB26E8F0037D785 /* Build configuration list for PBXNativeTarget "Bizintu" */ = {
			isa = XCConfigurationList;
			buildConfigurations = (
				D58367E71FB26E8F0037D785 /* Debug */,
				D58367E81FB26E8F0037D785 /* Release */,
			);
			defaultConfigurationIsVisible = 0;
			defaultConfigurationName = Release;
		};
		D58367E91FB26E8F0037D785 /* Build configuration list for PBXNativeTarget "BizintuTests" */ = {
			isa = XCConfigurationList;
			buildConfigurations = (
				D58367EA1FB26E8F0037D785 /* Debug */,
				D58367EB1FB26E8F0037D785 /* Release */,
			);
			defaultConfigurationIsVisible = 0;
			defaultConfigurationName = Release;
		};
		D58367EC1FB26E8F0037D785 /* Build configuration list for PBXNativeTarget "BizintuUITests" */ = {
			isa = XCConfigurationList;
			buildConfigurations = (
				D58367ED1FB26E8F0037D785 /* Debug */,
				D58367EE1FB26E8F0037D785 /* Release */,
			);
			defaultConfigurationIsVisible = 0;
			defaultConfigurationName = Release;
		};
/* End XCConfigurationList section */
	};
	rootObject = D58367B61FB26E8F0037D785 /* Project object */;
}
